
Microsoft Visual Studio Solution File, Format Version 12.00
# Visual Studio Version 17
VisualStudioVersion = 17.13.36105.23
MinimumVisualStudioVersion = 10.0.40219.1
Project("{FAE04EC0-301F-11D3-BF4B-00C04F79EFBC}") = "CozyCare.DAL", "CozyCare.DAL\CozyCare.DAL.csproj", "{8BD3834E-A17C-4517-8658-B7B232E18A2E}"
EndProject
Project("{FAE04EC0-301F-11D3-BF4B-00C04F79EFBC}") = "CozyCare.BLL", "CozyCare.BLL\CozyCare.BLL.csproj", "{1802EBE8-0900-42D1-8E63-3F4B5A2534FB}"
EndProject
Project("{FAE04EC0-301F-11D3-BF4B-00C04F79EFBC}") = "CozyCare.API", "CozyCare.API\CozyCare.API.csproj", "{EE26F65A-BB3A-48D3-BD59-19867757A29C}"
EndProject
Global
	GlobalSection(SolutionConfigurationPlatforms) = preSolution
		Debug|Any CPU = Debug|Any CPU
		Release|Any CPU = Release|Any CPU
	EndGlobalSection
	GlobalSection(ProjectConfigurationPlatforms) = postSolution
		{8BD3834E-A17C-4517-8658-B7B232E18A2E}.Debug|Any CPU.ActiveCfg = Debug|Any CPU
		{8BD3834E-A17C-4517-8658-B7B232E18A2E}.Debug|Any CPU.Build.0 = Debug|Any CPU
		{8BD3834E-A17C-4517-8658-B7B232E18A2E}.Release|Any CPU.ActiveCfg = Release|Any CPU
		{8BD3834E-A17C-4517-8658-B7B232E18A2E}.Release|Any CPU.Build.0 = Release|Any CPU
		{1802EBE8-0900-42D1-8E63-3F4B5A2534FB}.Debug|Any CPU.ActiveCfg = Debug|Any CPU
		{1802EBE8-0900-42D1-8E63-3F4B5A2534FB}.Debug|Any CPU.Build.0 = Debug|Any CPU
		{1802EBE8-0900-42D1-8E63-3F4B5A2534FB}.Release|Any CPU.ActiveCfg = Release|Any CPU
		{1802EBE8-0900-42D1-8E63-3F4B5A2534FB}.Release|Any CPU.Build.0 = Release|Any CPU
		{EE26F65A-BB3A-48D3-BD59-19867757A29C}.Debug|Any CPU.ActiveCfg = Debug|Any CPU
		{EE26F65A-BB3A-48D3-BD59-19867757A29C}.Debug|Any CPU.Build.0 = Debug|Any CPU
		{EE26F65A-BB3A-48D3-BD59-19867757A29C}.Release|Any CPU.ActiveCfg = Release|Any CPU
		{EE26F65A-BB3A-48D3-BD59-19867757A29C}.Release|Any CPU.Build.0 = Release|Any CPU
	EndGlobalSection
	GlobalSection(SolutionProperties) = preSolution
		HideSolutionNode = FALSE
	EndGlobalSection
	GlobalSection(ExtensibilityGlobals) = postSolution
		SolutionGuid = {609073E6-7916-4558-B483-BA086BC2FC5D}
	EndGlobalSection
EndGlobal
