
Microsoft Visual Studio Solution File, Format Version 12.00
# Visual Studio Version 17
VisualStudioVersion = 17.13.36105.23
MinimumVisualStudioVersion = 10.0.40219.1
Project("{FAE04EC0-301F-11D3-BF4B-00C04F79EFBC}") = "CozyCare.IdentityService", "CozyCare.IdentityService\CozyCare.IdentityService.csproj", "{01170BBC-B6DC-4B1E-929F-5AEA0D037D0E}"
EndProject
Project("{FAE04EC0-301F-11D3-BF4B-00C04F79EFBC}") = "CozyCare.SharedKernel", "CozyCare.SharedKernel\CozyCare.SharedKernel.csproj", "{F865BEB8-4BB2-47C5-8D70-ECF25D493541}"
EndProject
Project("{FAE04EC0-301F-11D3-BF4B-00C04F79EFBC}") = "CozyCare.Persistence", "CozyCare.Persistence\CozyCare.Persistence.csproj", "{75BF84BC-01BE-4F42-A3F3-4921BD37B7B1}"
EndProject
Project("{FAE04EC0-301F-11D3-BF4B-00C04F79EFBC}") = "CozyCare.CatalogService", "CozyCare.CatalogService\CozyCare.CatalogService.csproj", "{9E1EDC07-C555-40D8-8EDE-B5345A83FF46}"
EndProject
Project("{FAE04EC0-301F-11D3-BF4B-00C04F79EFBC}") = "CozyCare.BookingService", "CozyCare.BookingService\CozyCare.BookingService.csproj", "{688C4D1A-CAE2-4BCA-8B2A-F747DB2C6CAC}"
EndProject
Project("{FAE04EC0-301F-11D3-BF4B-00C04F79EFBC}") = "CozyCare.JobService", "CozyCare.JobService\CozyCare.JobService.csproj", "{26C8DF6C-9157-4C83-8296-1D85261BA343}"
EndProject
Project("{FAE04EC0-301F-11D3-BF4B-00C04F79EFBC}") = "CozyCare.PaymentService", "CozyCare.PaymentService\CozyCare.PaymentService.csproj", "{10371CEA-395F-4A6C-A50E-B5B1FBBBE4BE}"
EndProject
Project("{E53339B2-1760-4266-BCC7-CA923CBCF16C}") = "docker-compose", "docker-compose.dcproj", "{81DDED9D-158B-E303-5F62-77A2896D2A5A}"
EndProject
Global
	GlobalSection(SolutionConfigurationPlatforms) = preSolution
		Debug|Any CPU = Debug|Any CPU
		Release|Any CPU = Release|Any CPU
	EndGlobalSection
	GlobalSection(ProjectConfigurationPlatforms) = postSolution
		{01170BBC-B6DC-4B1E-929F-5AEA0D037D0E}.Debug|Any CPU.ActiveCfg = Debug|Any CPU
		{01170BBC-B6DC-4B1E-929F-5AEA0D037D0E}.Debug|Any CPU.Build.0 = Debug|Any CPU
		{01170BBC-B6DC-4B1E-929F-5AEA0D037D0E}.Release|Any CPU.ActiveCfg = Release|Any CPU
		{01170BBC-B6DC-4B1E-929F-5AEA0D037D0E}.Release|Any CPU.Build.0 = Release|Any CPU
		{F865BEB8-4BB2-47C5-8D70-ECF25D493541}.Debug|Any CPU.ActiveCfg = Debug|Any CPU
		{F865BEB8-4BB2-47C5-8D70-ECF25D493541}.Debug|Any CPU.Build.0 = Debug|Any CPU
		{F865BEB8-4BB2-47C5-8D70-ECF25D493541}.Release|Any CPU.ActiveCfg = Release|Any CPU
		{F865BEB8-4BB2-47C5-8D70-ECF25D493541}.Release|Any CPU.Build.0 = Release|Any CPU
		{75BF84BC-01BE-4F42-A3F3-4921BD37B7B1}.Debug|Any CPU.ActiveCfg = Debug|Any CPU
		{75BF84BC-01BE-4F42-A3F3-4921BD37B7B1}.Debug|Any CPU.Build.0 = Debug|Any CPU
		{75BF84BC-01BE-4F42-A3F3-4921BD37B7B1}.Release|Any CPU.ActiveCfg = Release|Any CPU
		{75BF84BC-01BE-4F42-A3F3-4921BD37B7B1}.Release|Any CPU.Build.0 = Release|Any CPU
		{9E1EDC07-C555-40D8-8EDE-B5345A83FF46}.Debug|Any CPU.ActiveCfg = Debug|Any CPU
		{9E1EDC07-C555-40D8-8EDE-B5345A83FF46}.Debug|Any CPU.Build.0 = Debug|Any CPU
		{9E1EDC07-C555-40D8-8EDE-B5345A83FF46}.Release|Any CPU.ActiveCfg = Release|Any CPU
		{9E1EDC07-C555-40D8-8EDE-B5345A83FF46}.Release|Any CPU.Build.0 = Release|Any CPU
		{688C4D1A-CAE2-4BCA-8B2A-F747DB2C6CAC}.Debug|Any CPU.ActiveCfg = Debug|Any CPU
		{688C4D1A-CAE2-4BCA-8B2A-F747DB2C6CAC}.Debug|Any CPU.Build.0 = Debug|Any CPU
		{688C4D1A-CAE2-4BCA-8B2A-F747DB2C6CAC}.Release|Any CPU.ActiveCfg = Release|Any CPU
		{688C4D1A-CAE2-4BCA-8B2A-F747DB2C6CAC}.Release|Any CPU.Build.0 = Release|Any CPU
		{26C8DF6C-9157-4C83-8296-1D85261BA343}.Debug|Any CPU.ActiveCfg = Debug|Any CPU
		{26C8DF6C-9157-4C83-8296-1D85261BA343}.Debug|Any CPU.Build.0 = Debug|Any CPU
		{26C8DF6C-9157-4C83-8296-1D85261BA343}.Release|Any CPU.ActiveCfg = Release|Any CPU
		{26C8DF6C-9157-4C83-8296-1D85261BA343}.Release|Any CPU.Build.0 = Release|Any CPU
		{10371CEA-395F-4A6C-A50E-B5B1FBBBE4BE}.Debug|Any CPU.ActiveCfg = Debug|Any CPU
		{10371CEA-395F-4A6C-A50E-B5B1FBBBE4BE}.Debug|Any CPU.Build.0 = Debug|Any CPU
		{10371CEA-395F-4A6C-A50E-B5B1FBBBE4BE}.Release|Any CPU.ActiveCfg = Release|Any CPU
		{10371CEA-395F-4A6C-A50E-B5B1FBBBE4BE}.Release|Any CPU.Build.0 = Release|Any CPU
		{81DDED9D-158B-E303-5F62-77A2896D2A5A}.Debug|Any CPU.ActiveCfg = Debug|Any CPU
		{81DDED9D-158B-E303-5F62-77A2896D2A5A}.Debug|Any CPU.Build.0 = Debug|Any CPU
		{81DDED9D-158B-E303-5F62-77A2896D2A5A}.Release|Any CPU.ActiveCfg = Release|Any CPU
		{81DDED9D-158B-E303-5F62-77A2896D2A5A}.Release|Any CPU.Build.0 = Release|Any CPU
	EndGlobalSection
	GlobalSection(SolutionProperties) = preSolution
		HideSolutionNode = FALSE
	EndGlobalSection
	GlobalSection(ExtensibilityGlobals) = postSolution
		SolutionGuid = {609073E6-7916-4558-B483-BA086BC2FC5D}
	EndGlobalSection
EndGlobal
